
Microsoft Visual Studio Solution File, Format Version 12.00
# Visual Studio Version 17
VisualStudioVersion = 17.2.32630.192
MinimumVisualStudioVersion = 10.0.40219.1
Project("{8BC9CEB8-8B4A-11D0-8D11-00A0C91BC942}") = "平衡二叉树", "平衡二叉树\平衡二叉树.vcxproj", "{6AF6F53C-7A45-4650-9C2D-13911B3CBECC}"
EndProject
Project("{8BC9CEB8-8B4A-11D0-8D11-00A0C91BC942}") = "排序算法", "排序算法\选择算法.vcxproj", "{6527D5A8-C571-46BC-B5C1-AB1B7D833E46}"
EndProject
Project("{8BC9CEB8-8B4A-11D0-8D11-00A0C91BC942}") = "二分查找", "二分查找\二分查找.vcxproj", "{EECC4A09-E354-46DF-8279-94F27F9B408E}"
EndProject
Project("{8BC9CEB8-8B4A-11D0-8D11-00A0C91BC942}") = "深度寻路算法", "深度寻路算法\深度寻路算法.vcxproj", "{EE83540D-8947-4D99-A130-4E78F55860FE}"
EndProject
Project("{8BC9CEB8-8B4A-11D0-8D11-00A0C91BC942}") = "广度寻路算法", "广度寻路算法\广度寻路算法.vcxproj", "{22389B44-830D-426F-8B11-F725578561E6}"
EndProject
Project("{8BC9CEB8-8B4A-11D0-8D11-00A0C91BC942}") = "A星寻路算法", "A星寻路算法\A星寻路算法.vcxproj", "{87025087-1BC0-499C-B614-6ADF93A55814}"
EndProject
Project("{8BC9CEB8-8B4A-11D0-8D11-00A0C91BC942}") = "图论", "图论\图论.vcxproj", "{D728F918-EEB9-4999-9259-9C38E8924482}"
EndProject
Project("{8BC9CEB8-8B4A-11D0-8D11-00A0C91BC942}") = "图的遍历", "图的遍历\图的遍历.vcxproj", "{F8A48B7E-F23F-45F2-8C2F-DF07BDCF5CF6}"
EndProject
Project("{8BC9CEB8-8B4A-11D0-8D11-00A0C91BC942}") = "23树", "23树\23树.vcxproj", "{135FB6CD-5FEA-4944-800E-41A35A0FA62E}"
EndProject
Project("{8BC9CEB8-8B4A-11D0-8D11-00A0C91BC942}") = "动态规划", "动态规划\动态规划.vcxproj", "{B35E7C92-0C35-448B-A220-712ED160D884}"
EndProject
Project("{8BC9CEB8-8B4A-11D0-8D11-00A0C91BC942}") = "递归", "递归\递归.vcxproj", "{D6E7ABC9-2D15-40C2-84F0-4EF2E82FDE2C}"
EndProject
Project("{8BC9CEB8-8B4A-11D0-8D11-00A0C91BC942}") = "哈夫曼压缩解压缩原理", "哈夫曼压缩解压缩原理\哈夫曼压缩解压缩原理.vcxproj", "{A021FFDC-E13D-46D7-8ABE-8EC2DA192938}"
EndProject
Project("{8BC9CEB8-8B4A-11D0-8D11-00A0C91BC942}") = "链表", "链表\链表.vcxproj", "{20169F6E-C00F-4FF4-ACF1-31969CCE41C0}"
EndProject
Project("{8BC9CEB8-8B4A-11D0-8D11-00A0C91BC942}") = "二叉树", "二叉树\二叉树.vcxproj", "{59E309EC-C100-46AA-829F-722298955799}"
EndProject
Project("{8BC9CEB8-8B4A-11D0-8D11-00A0C91BC942}") = "顺序表", "顺序表\顺序表.vcxproj", "{59D19276-06C8-4583-841C-7E93D2342E7F}"
EndProject
Global
	GlobalSection(SolutionConfigurationPlatforms) = preSolution
		Debug|x64 = Debug|x64
		Debug|x86 = Debug|x86
		Release|x64 = Release|x64
		Release|x86 = Release|x86
	EndGlobalSection
	GlobalSection(ProjectConfigurationPlatforms) = postSolution
		{6AF6F53C-7A45-4650-9C2D-13911B3CBECC}.Debug|x64.ActiveCfg = Debug|x64
		{6AF6F53C-7A45-4650-9C2D-13911B3CBECC}.Debug|x64.Build.0 = Debug|x64
		{6AF6F53C-7A45-4650-9C2D-13911B3CBECC}.Debug|x86.ActiveCfg = Debug|Win32
		{6AF6F53C-7A45-4650-9C2D-13911B3CBECC}.Debug|x86.Build.0 = Debug|Win32
		{6AF6F53C-7A45-4650-9C2D-13911B3CBECC}.Release|x64.ActiveCfg = Release|x64
		{6AF6F53C-7A45-4650-9C2D-13911B3CBECC}.Release|x64.Build.0 = Release|x64
		{6AF6F53C-7A45-4650-9C2D-13911B3CBECC}.Release|x86.ActiveCfg = Release|Win32
		{6AF6F53C-7A45-4650-9C2D-13911B3CBECC}.Release|x86.Build.0 = Release|Win32
		{6527D5A8-C571-46BC-B5C1-AB1B7D833E46}.Debug|x64.ActiveCfg = Debug|x64
		{6527D5A8-C571-46BC-B5C1-AB1B7D833E46}.Debug|x64.Build.0 = Debug|x64
		{6527D5A8-C571-46BC-B5C1-AB1B7D833E46}.Debug|x86.ActiveCfg = Debug|Win32
		{6527D5A8-C571-46BC-B5C1-AB1B7D833E46}.Debug|x86.Build.0 = Debug|Win32
		{6527D5A8-C571-46BC-B5C1-AB1B7D833E46}.Release|x64.ActiveCfg = Release|x64
		{6527D5A8-C571-46BC-B5C1-AB1B7D833E46}.Release|x64.Build.0 = Release|x64
		{6527D5A8-C571-46BC-B5C1-AB1B7D833E46}.Release|x86.ActiveCfg = Release|Win32
		{6527D5A8-C571-46BC-B5C1-AB1B7D833E46}.Release|x86.Build.0 = Release|Win32
		{EECC4A09-E354-46DF-8279-94F27F9B408E}.Debug|x64.ActiveCfg = Debug|x64
		{EECC4A09-E354-46DF-8279-94F27F9B408E}.Debug|x64.Build.0 = Debug|x64
		{EECC4A09-E354-46DF-8279-94F27F9B408E}.Debug|x86.ActiveCfg = Debug|Win32
		{EECC4A09-E354-46DF-8279-94F27F9B408E}.Debug|x86.Build.0 = Debug|Win32
		{EECC4A09-E354-46DF-8279-94F27F9B408E}.Release|x64.ActiveCfg = Release|x64
		{EECC4A09-E354-46DF-8279-94F27F9B408E}.Release|x64.Build.0 = Release|x64
		{EECC4A09-E354-46DF-8279-94F27F9B408E}.Release|x86.ActiveCfg = Release|Win32
		{EECC4A09-E354-46DF-8279-94F27F9B408E}.Release|x86.Build.0 = Release|Win32
		{EE83540D-8947-4D99-A130-4E78F55860FE}.Debug|x64.ActiveCfg = Debug|x64
		{EE83540D-8947-4D99-A130-4E78F55860FE}.Debug|x64.Build.0 = Debug|x64
		{EE83540D-8947-4D99-A130-4E78F55860FE}.Debug|x86.ActiveCfg = Debug|Win32
		{EE83540D-8947-4D99-A130-4E78F55860FE}.Debug|x86.Build.0 = Debug|Win32
		{EE83540D-8947-4D99-A130-4E78F55860FE}.Release|x64.ActiveCfg = Release|x64
		{EE83540D-8947-4D99-A130-4E78F55860FE}.Release|x64.Build.0 = Release|x64
		{EE83540D-8947-4D99-A130-4E78F55860FE}.Release|x86.ActiveCfg = Release|Win32
		{EE83540D-8947-4D99-A130-4E78F55860FE}.Release|x86.Build.0 = Release|Win32
		{22389B44-830D-426F-8B11-F725578561E6}.Debug|x64.ActiveCfg = Debug|x64
		{22389B44-830D-426F-8B11-F725578561E6}.Debug|x64.Build.0 = Debug|x64
		{22389B44-830D-426F-8B11-F725578561E6}.Debug|x86.ActiveCfg = Debug|Win32
		{22389B44-830D-426F-8B11-F725578561E6}.Debug|x86.Build.0 = Debug|Win32
		{22389B44-830D-426F-8B11-F725578561E6}.Release|x64.ActiveCfg = Release|x64
		{22389B44-830D-426F-8B11-F725578561E6}.Release|x64.Build.0 = Release|x64
		{22389B44-830D-426F-8B11-F725578561E6}.Release|x86.ActiveCfg = Release|Win32
		{22389B44-830D-426F-8B11-F725578561E6}.Release|x86.Build.0 = Release|Win32
		{87025087-1BC0-499C-B614-6ADF93A55814}.Debug|x64.ActiveCfg = Debug|x64
		{87025087-1BC0-499C-B614-6ADF93A55814}.Debug|x64.Build.0 = Debug|x64
		{87025087-1BC0-499C-B614-6ADF93A55814}.Debug|x86.ActiveCfg = Debug|Win32
		{87025087-1BC0-499C-B614-6ADF93A55814}.Debug|x86.Build.0 = Debug|Win32
		{87025087-1BC0-499C-B614-6ADF93A55814}.Release|x64.ActiveCfg = Release|x64
		{87025087-1BC0-499C-B614-6ADF93A55814}.Release|x64.Build.0 = Release|x64
		{87025087-1BC0-499C-B614-6ADF93A55814}.Release|x86.ActiveCfg = Release|Win32
		{87025087-1BC0-499C-B614-6ADF93A55814}.Release|x86.Build.0 = Release|Win32
		{D728F918-EEB9-4999-9259-9C38E8924482}.Debug|x64.ActiveCfg = Debug|x64
		{D728F918-EEB9-4999-9259-9C38E8924482}.Debug|x64.Build.0 = Debug|x64
		{D728F918-EEB9-4999-9259-9C38E8924482}.Debug|x86.ActiveCfg = Debug|Win32
		{D728F918-EEB9-4999-9259-9C38E8924482}.Debug|x86.Build.0 = Debug|Win32
		{D728F918-EEB9-4999-9259-9C38E8924482}.Release|x64.ActiveCfg = Release|x64
		{D728F918-EEB9-4999-9259-9C38E8924482}.Release|x64.Build.0 = Release|x64
		{D728F918-EEB9-4999-9259-9C38E8924482}.Release|x86.ActiveCfg = Release|Win32
		{D728F918-EEB9-4999-9259-9C38E8924482}.Release|x86.Build.0 = Release|Win32
		{F8A48B7E-F23F-45F2-8C2F-DF07BDCF5CF6}.Debug|x64.ActiveCfg = Debug|x64
		{F8A48B7E-F23F-45F2-8C2F-DF07BDCF5CF6}.Debug|x64.Build.0 = Debug|x64
		{F8A48B7E-F23F-45F2-8C2F-DF07BDCF5CF6}.Debug|x86.ActiveCfg = Debug|Win32
		{F8A48B7E-F23F-45F2-8C2F-DF07BDCF5CF6}.Debug|x86.Build.0 = Debug|Win32
		{F8A48B7E-F23F-45F2-8C2F-DF07BDCF5CF6}.Release|x64.ActiveCfg = Release|x64
		{F8A48B7E-F23F-45F2-8C2F-DF07BDCF5CF6}.Release|x64.Build.0 = Release|x64
		{F8A48B7E-F23F-45F2-8C2F-DF07BDCF5CF6}.Release|x86.ActiveCfg = Release|Win32
		{F8A48B7E-F23F-45F2-8C2F-DF07BDCF5CF6}.Release|x86.Build.0 = Release|Win32
		{135FB6CD-5FEA-4944-800E-41A35A0FA62E}.Debug|x64.ActiveCfg = Debug|x64
		{135FB6CD-5FEA-4944-800E-41A35A0FA62E}.Debug|x64.Build.0 = Debug|x64
		{135FB6CD-5FEA-4944-800E-41A35A0FA62E}.Debug|x86.ActiveCfg = Debug|Win32
		{135FB6CD-5FEA-4944-800E-41A35A0FA62E}.Debug|x86.Build.0 = Debug|Win32
		{135FB6CD-5FEA-4944-800E-41A35A0FA62E}.Release|x64.ActiveCfg = Release|x64
		{135FB6CD-5FEA-4944-800E-41A35A0FA62E}.Release|x64.Build.0 = Release|x64
		{135FB6CD-5FEA-4944-800E-41A35A0FA62E}.Release|x86.ActiveCfg = Release|Win32
		{135FB6CD-5FEA-4944-800E-41A35A0FA62E}.Release|x86.Build.0 = Release|Win32
		{B35E7C92-0C35-448B-A220-712ED160D884}.Debug|x64.ActiveCfg = Debug|x64
		{B35E7C92-0C35-448B-A220-712ED160D884}.Debug|x64.Build.0 = Debug|x64
		{B35E7C92-0C35-448B-A220-712ED160D884}.Debug|x86.ActiveCfg = Debug|Win32
		{B35E7C92-0C35-448B-A220-712ED160D884}.Debug|x86.Build.0 = Debug|Win32
		{B35E7C92-0C35-448B-A220-712ED160D884}.Release|x64.ActiveCfg = Release|x64
		{B35E7C92-0C35-448B-A220-712ED160D884}.Release|x64.Build.0 = Release|x64
		{B35E7C92-0C35-448B-A220-712ED160D884}.Release|x86.ActiveCfg = Release|Win32
		{B35E7C92-0C35-448B-A220-712ED160D884}.Release|x86.Build.0 = Release|Win32
		{D6E7ABC9-2D15-40C2-84F0-4EF2E82FDE2C}.Debug|x64.ActiveCfg = Debug|x64
		{D6E7ABC9-2D15-40C2-84F0-4EF2E82FDE2C}.Debug|x64.Build.0 = Debug|x64
		{D6E7ABC9-2D15-40C2-84F0-4EF2E82FDE2C}.Debug|x86.ActiveCfg = Debug|Win32
		{D6E7ABC9-2D15-40C2-84F0-4EF2E82FDE2C}.Debug|x86.Build.0 = Debug|Win32
		{D6E7ABC9-2D15-40C2-84F0-4EF2E82FDE2C}.Release|x64.ActiveCfg = Release|x64
		{D6E7ABC9-2D15-40C2-84F0-4EF2E82FDE2C}.Release|x64.Build.0 = Release|x64
		{D6E7ABC9-2D15-40C2-84F0-4EF2E82FDE2C}.Release|x86.ActiveCfg = Release|Win32
		{D6E7ABC9-2D15-40C2-84F0-4EF2E82FDE2C}.Release|x86.Build.0 = Release|Win32
		{A021FFDC-E13D-46D7-8ABE-8EC2DA192938}.Debug|x64.ActiveCfg = Debug|x64
		{A021FFDC-E13D-46D7-8ABE-8EC2DA192938}.Debug|x64.Build.0 = Debug|x64
		{A021FFDC-E13D-46D7-8ABE-8EC2DA192938}.Debug|x86.ActiveCfg = Debug|Win32
		{A021FFDC-E13D-46D7-8ABE-8EC2DA192938}.Debug|x86.Build.0 = Debug|Win32
		{A021FFDC-E13D-46D7-8ABE-8EC2DA192938}.Release|x64.ActiveCfg = Release|x64
		{A021FFDC-E13D-46D7-8ABE-8EC2DA192938}.Release|x64.Build.0 = Release|x64
		{A021FFDC-E13D-46D7-8ABE-8EC2DA192938}.Release|x86.ActiveCfg = Release|Win32
		{A021FFDC-E13D-46D7-8ABE-8EC2DA192938}.Release|x86.Build.0 = Release|Win32
		{20169F6E-C00F-4FF4-ACF1-31969CCE41C0}.Debug|x64.ActiveCfg = Debug|x64
		{20169F6E-C00F-4FF4-ACF1-31969CCE41C0}.Debug|x64.Build.0 = Debug|x64
		{20169F6E-C00F-4FF4-ACF1-31969CCE41C0}.Debug|x86.ActiveCfg = Debug|Win32
		{20169F6E-C00F-4FF4-ACF1-31969CCE41C0}.Debug|x86.Build.0 = Debug|Win32
		{20169F6E-C00F-4FF4-ACF1-31969CCE41C0}.Release|x64.ActiveCfg = Release|x64
		{20169F6E-C00F-4FF4-ACF1-31969CCE41C0}.Release|x64.Build.0 = Release|x64
		{20169F6E-C00F-4FF4-ACF1-31969CCE41C0}.Release|x86.ActiveCfg = Release|Win32
		{20169F6E-C00F-4FF4-ACF1-31969CCE41C0}.Release|x86.Build.0 = Release|Win32
		{59E309EC-C100-46AA-829F-722298955799}.Debug|x64.ActiveCfg = Debug|x64
		{59E309EC-C100-46AA-829F-722298955799}.Debug|x64.Build.0 = Debug|x64
		{59E309EC-C100-46AA-829F-722298955799}.Debug|x86.ActiveCfg = Debug|Win32
		{59E309EC-C100-46AA-829F-722298955799}.Debug|x86.Build.0 = Debug|Win32
		{59E309EC-C100-46AA-829F-722298955799}.Release|x64.ActiveCfg = Release|x64
		{59E309EC-C100-46AA-829F-722298955799}.Release|x64.Build.0 = Release|x64
		{59E309EC-C100-46AA-829F-722298955799}.Release|x86.ActiveCfg = Release|Win32
		{59E309EC-C100-46AA-829F-722298955799}.Release|x86.Build.0 = Release|Win32
		{59D19276-06C8-4583-841C-7E93D2342E7F}.Debug|x64.ActiveCfg = Debug|x64
		{59D19276-06C8-4583-841C-7E93D2342E7F}.Debug|x64.Build.0 = Debug|x64
		{59D19276-06C8-4583-841C-7E93D2342E7F}.Debug|x86.ActiveCfg = Debug|Win32
		{59D19276-06C8-4583-841C-7E93D2342E7F}.Debug|x86.Build.0 = Debug|Win32
		{59D19276-06C8-4583-841C-7E93D2342E7F}.Release|x64.ActiveCfg = Release|x64
		{59D19276-06C8-4583-841C-7E93D2342E7F}.Release|x64.Build.0 = Release|x64
		{59D19276-06C8-4583-841C-7E93D2342E7F}.Release|x86.ActiveCfg = Release|Win32
		{59D19276-06C8-4583-841C-7E93D2342E7F}.Release|x86.Build.0 = Release|Win32
	EndGlobalSection
	GlobalSection(SolutionProperties) = preSolution
		HideSolutionNode = FALSE
	EndGlobalSection
	GlobalSection(ExtensibilityGlobals) = postSolution
		SolutionGuid = {99372A7E-EF9D-42D2-BCF3-65B328C5067D}
	EndGlobalSection
EndGlobal
